
Microsoft Visual Studio Solution File, Format Version 12.00
# Visual Studio Version 16
VisualStudioVersion = 16.0.30114.105
MinimumVisualStudioVersion = 10.0.40219.1
Project("{FAE04EC0-301F-11D3-BF4B-00C04F79EFBC}") = "Visitantes.Application", "Visitantes.Application\Visitantes.Application.csproj", "{A38E7AAB-15A8-4D26-8488-6027E1421060}"
EndProject
Project("{FAE04EC0-301F-11D3-BF4B-00C04F79EFBC}") = "Visitantes.Persistence", "Visitantes.Persistence\Visitantes.Persistence.csproj", "{7F7DB877-72B5-4CA8-833D-137712C4BCB2}"
EndProject
Project("{FAE04EC0-301F-11D3-BF4B-00C04F79EFBC}") = "Visitantes.Domain", "Visitantes.Domain\Visitantes.Domain.csproj", "{6D38C940-3CA5-4BE7-A132-BB04C2C9F2C7}"
EndProject
Project("{FAE04EC0-301F-11D3-BF4B-00C04F79EFBC}") = "Visitantes.API", "Visitantes.API\Visitantes.API.csproj", "{4C00201F-5A6E-48AB-890C-0A93FC837677}"
EndProject
Global
	GlobalSection(SolutionConfigurationPlatforms) = preSolution
		Debug|Any CPU = Debug|Any CPU
		Debug|x64 = Debug|x64
		Debug|x86 = Debug|x86
		Release|Any CPU = Release|Any CPU
		Release|x64 = Release|x64
		Release|x86 = Release|x86
	EndGlobalSection
	GlobalSection(SolutionProperties) = preSolution
		HideSolutionNode = FALSE
	EndGlobalSection
	GlobalSection(ProjectConfigurationPlatforms) = postSolution
		{A38E7AAB-15A8-4D26-8488-6027E1421060}.Debug|Any CPU.ActiveCfg = Debug|Any CPU
		{A38E7AAB-15A8-4D26-8488-6027E1421060}.Debug|Any CPU.Build.0 = Debug|Any CPU
		{A38E7AAB-15A8-4D26-8488-6027E1421060}.Debug|x64.ActiveCfg = Debug|Any CPU
		{A38E7AAB-15A8-4D26-8488-6027E1421060}.Debug|x64.Build.0 = Debug|Any CPU
		{A38E7AAB-15A8-4D26-8488-6027E1421060}.Debug|x86.ActiveCfg = Debug|Any CPU
		{A38E7AAB-15A8-4D26-8488-6027E1421060}.Debug|x86.Build.0 = Debug|Any CPU
		{A38E7AAB-15A8-4D26-8488-6027E1421060}.Release|Any CPU.ActiveCfg = Release|Any CPU
		{A38E7AAB-15A8-4D26-8488-6027E1421060}.Release|Any CPU.Build.0 = Release|Any CPU
		{A38E7AAB-15A8-4D26-8488-6027E1421060}.Release|x64.ActiveCfg = Release|Any CPU
		{A38E7AAB-15A8-4D26-8488-6027E1421060}.Release|x64.Build.0 = Release|Any CPU
		{A38E7AAB-15A8-4D26-8488-6027E1421060}.Release|x86.ActiveCfg = Release|Any CPU
		{A38E7AAB-15A8-4D26-8488-6027E1421060}.Release|x86.Build.0 = Release|Any CPU
		{7F7DB877-72B5-4CA8-833D-137712C4BCB2}.Debug|Any CPU.ActiveCfg = Debug|Any CPU
		{7F7DB877-72B5-4CA8-833D-137712C4BCB2}.Debug|Any CPU.Build.0 = Debug|Any CPU
		{7F7DB877-72B5-4CA8-833D-137712C4BCB2}.Debug|x64.ActiveCfg = Debug|Any CPU
		{7F7DB877-72B5-4CA8-833D-137712C4BCB2}.Debug|x64.Build.0 = Debug|Any CPU
		{7F7DB877-72B5-4CA8-833D-137712C4BCB2}.Debug|x86.ActiveCfg = Debug|Any CPU
		{7F7DB877-72B5-4CA8-833D-137712C4BCB2}.Debug|x86.Build.0 = Debug|Any CPU
		{7F7DB877-72B5-4CA8-833D-137712C4BCB2}.Release|Any CPU.ActiveCfg = Release|Any CPU
		{7F7DB877-72B5-4CA8-833D-137712C4BCB2}.Release|Any CPU.Build.0 = Release|Any CPU
		{7F7DB877-72B5-4CA8-833D-137712C4BCB2}.Release|x64.ActiveCfg = Release|Any CPU
		{7F7DB877-72B5-4CA8-833D-137712C4BCB2}.Release|x64.Build.0 = Release|Any CPU
		{7F7DB877-72B5-4CA8-833D-137712C4BCB2}.Release|x86.ActiveCfg = Release|Any CPU
		{7F7DB877-72B5-4CA8-833D-137712C4BCB2}.Release|x86.Build.0 = Release|Any CPU
		{6D38C940-3CA5-4BE7-A132-BB04C2C9F2C7}.Debug|Any CPU.ActiveCfg = Debug|Any CPU
		{6D38C940-3CA5-4BE7-A132-BB04C2C9F2C7}.Debug|Any CPU.Build.0 = Debug|Any CPU
		{6D38C940-3CA5-4BE7-A132-BB04C2C9F2C7}.Debug|x64.ActiveCfg = Debug|Any CPU
		{6D38C940-3CA5-4BE7-A132-BB04C2C9F2C7}.Debug|x64.Build.0 = Debug|Any CPU
		{6D38C940-3CA5-4BE7-A132-BB04C2C9F2C7}.Debug|x86.ActiveCfg = Debug|Any CPU
		{6D38C940-3CA5-4BE7-A132-BB04C2C9F2C7}.Debug|x86.Build.0 = Debug|Any CPU
		{6D38C940-3CA5-4BE7-A132-BB04C2C9F2C7}.Release|Any CPU.ActiveCfg = Release|Any CPU
		{6D38C940-3CA5-4BE7-A132-BB04C2C9F2C7}.Release|Any CPU.Build.0 = Release|Any CPU
		{6D38C940-3CA5-4BE7-A132-BB04C2C9F2C7}.Release|x64.ActiveCfg = Release|Any CPU
		{6D38C940-3CA5-4BE7-A132-BB04C2C9F2C7}.Release|x64.Build.0 = Release|Any CPU
		{6D38C940-3CA5-4BE7-A132-BB04C2C9F2C7}.Release|x86.ActiveCfg = Release|Any CPU
		{6D38C940-3CA5-4BE7-A132-BB04C2C9F2C7}.Release|x86.Build.0 = Release|Any CPU
		{4C00201F-5A6E-48AB-890C-0A93FC837677}.Debug|Any CPU.ActiveCfg = Debug|Any CPU
		{4C00201F-5A6E-48AB-890C-0A93FC837677}.Debug|Any CPU.Build.0 = Debug|Any CPU
		{4C00201F-5A6E-48AB-890C-0A93FC837677}.Debug|x64.ActiveCfg = Debug|Any CPU
		{4C00201F-5A6E-48AB-890C-0A93FC837677}.Debug|x64.Build.0 = Debug|Any CPU
		{4C00201F-5A6E-48AB-890C-0A93FC837677}.Debug|x86.ActiveCfg = Debug|Any CPU
		{4C00201F-5A6E-48AB-890C-0A93FC837677}.Debug|x86.Build.0 = Debug|Any CPU
		{4C00201F-5A6E-48AB-890C-0A93FC837677}.Release|Any CPU.ActiveCfg = Release|Any CPU
		{4C00201F-5A6E-48AB-890C-0A93FC837677}.Release|Any CPU.Build.0 = Release|Any CPU
		{4C00201F-5A6E-48AB-890C-0A93FC837677}.Release|x64.ActiveCfg = Release|Any CPU
		{4C00201F-5A6E-48AB-890C-0A93FC837677}.Release|x64.Build.0 = Release|Any CPU
		{4C00201F-5A6E-48AB-890C-0A93FC837677}.Release|x86.ActiveCfg = Release|Any CPU
		{4C00201F-5A6E-48AB-890C-0A93FC837677}.Release|x86.Build.0 = Release|Any CPU
	EndGlobalSection
EndGlobal
